
Microsoft Visual Studio Solution File, Format Version 12.00
# Visual Studio 15
VisualStudioVersion = 15.0.28307.489
MinimumVisualStudioVersion = 10.0.40219.1
Project("{9A19103F-16F7-4668-BE54-9A1E7A4F7556}") = "Homework", "Homework\Homework.csproj", "{7E4A8A95-9065-4950-8C63-414AE2E90F30}"
EndProject
Global
	GlobalSection(SolutionConfigurationPlatforms) = preSolution
		Debug|Any CPU = Debug|Any CPU
		Release|Any CPU = Release|Any CPU
	EndGlobalSection
	GlobalSection(ProjectConfigurationPlatforms) = postSolution
		{7E4A8A95-9065-4950-8C63-414AE2E90F30}.Debug|Any CPU.ActiveCfg = Debug|Any CPU
		{7E4A8A95-9065-4950-8C63-414AE2E90F30}.Debug|Any CPU.Build.0 = Debug|Any CPU
		{7E4A8A95-9065-4950-8C63-414AE2E90F30}.Release|Any CPU.ActiveCfg = Release|Any CPU
		{7E4A8A95-9065-4950-8C63-414AE2E90F30}.Release|Any CPU.Build.0 = Release|Any CPU
	EndGlobalSection
	GlobalSection(SolutionProperties) = preSolution
		HideSolutionNode = FALSE
	EndGlobalSection
	GlobalSection(ExtensibilityGlobals) = postSolution
		SolutionGuid = {F8645A54-3E6B-4049-8DDA-1C5221BF8FD7}
	EndGlobalSection
EndGlobal
